// !$*UTF8*$!
{
	archiveVersion = 1;
	classes = {
	};
	objectVersion = 48;
	objects = {

/* Begin PBXBuildFile section */
		671C86FF1F09CE3F007F4C42 /* AppDelegate.swift in Sources */ = {isa = PBXBuildFile; fileRef = 671C86FE1F09CE3F007F4C42 /* AppDelegate.swift */; };
		671C87011F09CE3F007F4C42 /* ViewController.swift in Sources */ = {isa = PBXBuildFile; fileRef = 671C87001F09CE3F007F4C42 /* ViewController.swift */; };
		671C87041F09CE3F007F4C42 /* Main.storyboard in Resources */ = {isa = PBXBuildFile; fileRef = 671C87021F09CE3F007F4C42 /* Main.storyboard */; };
		671C87061F09CE3F007F4C42 /* Assets.xcassets in Resources */ = {isa = PBXBuildFile; fileRef = 671C87051F09CE3F007F4C42 /* Assets.xcassets */; };
		671C87091F09CE3F007F4C42 /* LaunchScreen.storyboard in Resources */ = {isa = PBXBuildFile; fileRef = 671C87071F09CE3F007F4C42 /* LaunchScreen.storyboard */; };
		671C87121F09DA34007F4C42 /* UIViewController+Alert.swift in Sources */ = {isa = PBXBuildFile; fileRef = 671C87101F09DA34007F4C42 /* UIViewController+Alert.swift */; };
		671C87131F09DA34007F4C42 /* UIImage+Processing.swift in Sources */ = {isa = PBXBuildFile; fileRef = 671C87111F09DA34007F4C42 /* UIImage+Processing.swift */; };
		671C87161F09EC0E007F4C42 /* DetectedViewController.swift in Sources */ = {isa = PBXBuildFile; fileRef = 671C87151F09EC0E007F4C42 /* DetectedViewController.swift */; };
		67864FB51F09FAD700C7BFF7 /* Inceptionv3.mlmodel in Sources */ = {isa = PBXBuildFile; fileRef = 67864FB41F09FAD700C7BFF7 /* Inceptionv3.mlmodel */; };
/* End PBXBuildFile section */

/* Begin PBXFileReference section */
		671C86FB1F09CE3F007F4C42 /* Detection.app */ = {isa = PBXFileReference; explicitFileType = wrapper.application; includeInIndex = 0; path = Detection.app; sourceTree = BUILT_PRODUCTS_DIR; };
		671C86FE1F09CE3F007F4C42 /* AppDelegate.swift */ = {isa = PBXFileReference; lastKnownFileType = sourcecode.swift; path = AppDelegate.swift; sourceTree = "<group>"; };
		671C87001F09CE3F007F4C42 /* ViewController.swift */ = {isa = PBXFileReference; lastKnownFileType = sourcecode.swift; path = ViewController.swift; sourceTree = "<group>"; };
		671C87031F09CE3F007F4C42 /* Base */ = {isa = PBXFileReference; lastKnownFileType = file.storyboard; name = Base; path = Base.lproj/Main.storyboard; sourceTree = "<group>"; };
		671C87051F09CE3F007F4C42 /* Assets.xcassets */ = {isa = PBXFileReference; lastKnownFileType = folder.assetcatalog; path = Assets.xcassets; sourceTree = "<group>"; };
		671C87081F09CE3F007F4C42 /* Base */ = {isa = PBXFileReference; lastKnownFileType = file.storyboard; name = Base; path = Base.lproj/LaunchScreen.storyboard; sourceTree = "<group>"; };
		671C870A1F09CE3F007F4C42 /* Info.plist */ = {isa = PBXFileReference; lastKnownFileType = text.plist.xml; path = Info.plist; sourceTree = "<group>"; };
		671C87101F09DA34007F4C42 /* UIViewController+Alert.swift */ = {isa = PBXFileReference; fileEncoding = 4; lastKnownFileType = sourcecode.swift; path = "UIViewController+Alert.swift"; sourceTree = "<group>"; };
		671C87111F09DA34007F4C42 /* UIImage+Processing.swift */ = {isa = PBXFileReference; fileEncoding = 4; lastKnownFileType = sourcecode.swift; path = "UIImage+Processing.swift"; sourceTree = "<group>"; };
		671C87151F09EC0E007F4C42 /* DetectedViewController.swift */ = {isa = PBXFileReference; lastKnownFileType = sourcecode.swift; path = DetectedViewController.swift; sourceTree = "<group>"; };
		67864FB41F09FAD700C7BFF7 /* Inceptionv3.mlmodel */ = {isa = PBXFileReference; lastKnownFileType = file.mlmodel; name = Inceptionv3.mlmodel; path = ../../Inceptionv3.mlmodel; sourceTree = "<group>"; };
/* End PBXFileReference section */

/* Begin PBXFrameworksBuildPhase section */
		671C86F81F09CE3F007F4C42 /* Frameworks */ = {
			isa = PBXFrameworksBuildPhase;
			buildActionMask = 2147483647;
			files = (
			);
			runOnlyForDeploymentPostprocessing = 0;
		};
/* End PBXFrameworksBuildPhase section */

/* Begin PBXGroup section */
		671C86F21F09CE3F007F4C42 = {
			isa = PBXGroup;
			children = (
				671C86FD1F09CE3F007F4C42 /* Detection */,
				671C86FC1F09CE3F007F4C42 /* Products */,
			);
			sourceTree = "<group>";
		};
		671C86FC1F09CE3F007F4C42 /* Products */ = {
			isa = PBXGroup;
			children = (
				671C86FB1F09CE3F007F4C42 /* Detection.app */,
			);
			name = Products;
			sourceTree = "<group>";
		};
		671C86FD1F09CE3F007F4C42 /* Detection */ = {
			isa = PBXGroup;
			children = (
				671C86FE1F09CE3F007F4C42 /* AppDelegate.swift */,
				671C87001F09CE3F007F4C42 /* ViewController.swift */,
				671C87151F09EC0E007F4C42 /* DetectedViewController.swift */,
				67864FB41F09FAD700C7BFF7 /* Inceptionv3.mlmodel */,
				671C87141F09DA3B007F4C42 /* Extensions */,
				671C87021F09CE3F007F4C42 /* Main.storyboard */,
				671C87051F09CE3F007F4C42 /* Assets.xcassets */,
				671C87071F09CE3F007F4C42 /* LaunchScreen.storyboard */,
				671C870A1F09CE3F007F4C42 /* Info.plist */,
			);
			path = Detection;
			sourceTree = "<group>";
		};
		671C87141F09DA3B007F4C42 /* Extensions */ = {
			isa = PBXGroup;
			children = (
				671C87101F09DA34007F4C42 /* UIViewController+Alert.swift */,
				671C87111F09DA34007F4C42 /* UIImage+Processing.swift */,
			);
			path = Extensions;
			sourceTree = "<group>";
		};
/* End PBXGroup section */

/* Begin PBXNativeTarget section */
		671C86FA1F09CE3F007F4C42 /* Detection */ = {
			isa = PBXNativeTarget;
			buildConfigurationList = 671C870D1F09CE3F007F4C42 /* Build configuration list for PBXNativeTarget "Detection" */;
			buildPhases = (
				671C86F71F09CE3F007F4C42 /* Sources */,
				671C86F81F09CE3F007F4C42 /* Frameworks */,
				671C86F91F09CE3F007F4C42 /* Resources */,
			);
			buildRules = (
			);
			dependencies = (
			);
			name = Detection;
			productName = Detection;
			productReference = 671C86FB1F09CE3F007F4C42 /* Detection.app */;
			productType = "com.apple.product-type.application";
		};
/* End PBXNativeTarget section */

/* Begin PBXProject section */
		671C86F31F09CE3F007F4C42 /* Project object */ = {
			isa = PBXProject;
			attributes = {
				LastSwiftUpdateCheck = 0900;
				LastUpgradeCheck = 0900;
				ORGANIZATIONNAME = "Logan O'Connell";
				TargetAttributes = {
					671C86FA1F09CE3F007F4C42 = {
						CreatedOnToolsVersion = 9.0;
					};
				};
			};
			buildConfigurationList = 671C86F61F09CE3F007F4C42 /* Build configuration list for PBXProject "Detection" */;
			compatibilityVersion = "Xcode 8.0";
			developmentRegion = en;
			hasScannedForEncodings = 0;
			knownRegions = (
				en,
				Base,
			);
			mainGroup = 671C86F21F09CE3F007F4C42;
			productRefGroup = 671C86FC1F09CE3F007F4C42 /* Products */;
			projectDirPath = "";
			projectRoot = "";
			targets = (
				671C86FA1F09CE3F007F4C42 /* Detection */,
			);
		};
/* End PBXProject section */

/* Begin PBXResourcesBuildPhase section */
		671C86F91F09CE3F007F4C42 /* Resources */ = {
			isa = PBXResourcesBuildPhase;
			buildActionMask = 2147483647;
			files = (
				671C87091F09CE3F007F4C42 /* LaunchScreen.storyboard in Resources */,
				671C87061F09CE3F007F4C42 /* Assets.xcassets in Resources */,
				671C87041F09CE3F007F4C42 /* Main.storyboard in Resources */,
			);
			runOnlyForDeploymentPostprocessing = 0;
		};
/* End PBXResourcesBuildPhase section */

/* Begin PBXSourcesBuildPhase section */
		671C86F71F09CE3F007F4C42 /* Sources */ = {
			isa = PBXSourcesBuildPhase;
			buildActionMask = 2147483647;
			files = (
				671C87131F09DA34007F4C42 /* UIImage+Processing.swift in Sources */,
				67864FB51F09FAD700C7BFF7 /* Inceptionv3.mlmodel in Sources */,
				671C87121F09DA34007F4C42 /* UIViewController+Alert.swift in Sources */,
				671C87011F09CE3F007F4C42 /* ViewController.swift in Sources */,
				671C86FF1F09CE3F007F4C42 /* AppDelegate.swift in Sources */,
				671C87161F09EC0E007F4C42 /* DetectedViewController.swift in Sources */,
			);
			runOnlyForDeploymentPostprocessing = 0;
		};
/* End PBXSourcesBuildPhase section */

/* Begin PBXVariantGroup section */
		671C87021F09CE3F007F4C42 /* Main.storyboard */ = {
			isa = PBXVariantGroup;
			children = (
				671C87031F09CE3F007F4C42 /* Base */,
			);
			name = Main.storyboard;
			sourceTree = "<group>";
		};
		671C87071F09CE3F007F4C42 /* LaunchScreen.storyboard */ = {
			isa = PBXVariantGroup;
			children = (
				671C87081F09CE3F007F4C42 /* Base */,
			);
			name = LaunchScreen.storyboard;
			sourceTree = "<group>";
		};
/* End PBXVariantGroup section */

/* Begin XCBuildConfiguration section */
		671C870B1F09CE3F007F4C42 /* Debug */ = {
			isa = XCBuildConfiguration;
			buildSettings = {
				ALWAYS_SEARCH_USER_PATHS = NO;
				CLANG_ANALYZER_NONNULL = YES;
				CLANG_ANALYZER_NUMBER_OBJECT_CONVERSION = YES_AGGRESSIVE;
				CLANG_CXX_LANGUAGE_STANDARD = "gnu++14";
				CLANG_CXX_LIBRARY = "libc++";
				CLANG_ENABLE_MODULES = YES;
				CLANG_ENABLE_OBJC_ARC = YES;
				CLANG_WARN_BLOCK_CAPTURE_AUTORELEASING = YES;
				CLANG_WARN_BOOL_CONVERSION = YES;
				CLANG_WARN_COMMA = YES;
				CLANG_WARN_CONSTANT_CONVERSION = YES;
				CLANG_WARN_DIRECT_OBJC_ISA_USAGE = YES_ERROR;
				CLANG_WARN_DOCUMENTATION_COMMENTS = YES;
				CLANG_WARN_EMPTY_BODY = YES;
				CLANG_WARN_ENUM_CONVERSION = YES;
				CLANG_WARN_INFINITE_RECURSION = YES;
				CLANG_WARN_INT_CONVERSION = YES;
				CLANG_WARN_OBJC_ROOT_CLASS = YES_ERROR;
				CLANG_WARN_RANGE_LOOP_ANALYSIS = YES;
				CLANG_WARN_STRICT_PROTOTYPES = YES;
				CLANG_WARN_SUSPICIOUS_MOVE = YES;
				CLANG_WARN_UNGUARDED_AVAILABILITY = YES_AGGRESSIVE;
				CLANG_WARN_UNREACHABLE_CODE = YES;
				CLANG_WARN__DUPLICATE_METHOD_MATCH = YES;
				CODE_SIGN_IDENTITY = "iPhone Developer";
				COPY_PHASE_STRIP = NO;
				DEBUG_INFORMATION_FORMAT = dwarf;
				ENABLE_STRICT_OBJC_MSGSEND = YES;
				ENABLE_TESTABILITY = YES;
				GCC_C_LANGUAGE_STANDARD = gnu11;
				GCC_DYNAMIC_NO_PIC = NO;
				GCC_NO_COMMON_BLOCKS = YES;
				GCC_OPTIMIZATION_LEVEL = 0;
				GCC_PREPROCESSOR_DEFINITIONS = (
					"DEBUG=1",
					"$(inherited)",
				);
				GCC_WARN_64_TO_32_BIT_CONVERSION = YES;
				GCC_WARN_ABOUT_RETURN_TYPE = YES_ERROR;
				GCC_WARN_UNDECLARED_SELECTOR = YES;
				GCC_WARN_UNINITIALIZED_AUTOS = YES_AGGRESSIVE;
				GCC_WARN_UNUSED_FUNCTION = YES;
				GCC_WARN_UNUSED_VARIABLE = YES;
				IPHONEOS_DEPLOYMENT_TARGET = 11.0;
				MTL_ENABLE_DEBUG_INFO = YES;
				ONLY_ACTIVE_ARCH = YES;
				SDKROOT = iphoneos;
				SWIFT_ACTIVE_COMPILATION_CONDITIONS = DEBUG;
				SWIFT_OPTIMIZATION_LEVEL = "-Onone";
			};
			name = Debug;
		};
		671C870C1F09CE3F007F4C42 /* Release */ = {
			isa = XCBuildConfiguration;
			buildSettings = {
				ALWAYS_SEARCH_USER_PATHS = NO;
				CLANG_ANALYZER_NONNULL = YES;
				CLANG_ANALYZER_NUMBER_OBJECT_CONVERSION = YES_AGGRESSIVE;
				CLANG_CXX_LANGUAGE_STANDARD = "gnu++14";
				CLANG_CXX_LIBRARY = "libc++";
				CLANG_ENABLE_MODULES = YES;
				CLANG_ENABLE_OBJC_ARC = YES;
				CLANG_WARN_BLOCK_CAPTURE_AUTORELEASING = YES;
				CLANG_WARN_BOOL_CONVERSION = YES;
				CLANG_WARN_COMMA = YES;
				CLANG_WARN_CONSTANT_CONVERSION = YES;
				CLANG_WARN_DIRECT_OBJC_ISA_USAGE = YES_ERROR;
				CLANG_WARN_DOCUMENTATION_COMMENTS = YES;
				CLANG_WARN_EMPTY_BODY = YES;
				CLANG_WARN_ENUM_CONVERSION = YES;
				CLANG_WARN_INFINITE_RECURSION = YES;
				CLANG_WARN_INT_CONVERSION = YES;
				CLANG_WARN_OBJC_ROOT_CLASS = YES_ERROR;
				CLANG_WARN_RANGE_LOOP_ANALYSIS = YES;
				CLANG_WARN_STRICT_PROTOTYPES = YES;
				CLANG_WARN_SUSPICIOUS_MOVE = YES;
				CLANG_WARN_UNGUARDED_AVAILABILITY = YES_AGGRESSIVE;
				CLANG_WARN_UNREACHABLE_CODE = YES;
				CLANG_WARN__DUPLICATE_METHOD_MATCH = YES;
				CODE_SIGN_IDENTITY = "iPhone Developer";
				COPY_PHASE_STRIP = NO;
				DEBUG_INFORMATION_FORMAT = "dwarf-with-dsym";
				ENABLE_NS_ASSERTIONS = NO;
				ENABLE_STRICT_OBJC_MSGSEND = YES;
				GCC_C_LANGUAGE_STANDARD = gnu11;
				GCC_NO_COMMON_BLOCKS = YES;
				GCC_WARN_64_TO_32_BIT_CONVERSION = YES;
				GCC_WARN_ABOUT_RETURN_TYPE = YES_ERROR;
				GCC_WARN_UNDECLARED_SELECTOR = YES;
				GCC_WARN_UNINITIALIZED_AUTOS = YES_AGGRESSIVE;
				GCC_WARN_UNUSED_FUNCTION = YES;
				GCC_WARN_UNUSED_VARIABLE = YES;
				IPHONEOS_DEPLOYMENT_TARGET = 11.0;
				MTL_ENABLE_DEBUG_INFO = NO;
				SDKROOT = iphoneos;
				SWIFT_OPTIMIZATION_LEVEL = "-Owholemodule";
				VALIDATE_PRODUCT = YES;
			};
			name = Release;
		};
		671C870E1F09CE3F007F4C42 /* Debug */ = {
			isa = XCBuildConfiguration;
			buildSettings = {
				ASSETCATALOG_COMPILER_APPICON_NAME = AppIcon;
				DEVELOPMENT_TEAM = NXN833X2XS;
				INFOPLIST_FILE = Detection/Info.plist;
				LD_RUNPATH_SEARCH_PATHS = "$(inherited) @executable_path/Frameworks";
				PRODUCT_BUNDLE_IDENTIFIER = com.AppsByLogan.Detection;
				PRODUCT_NAME = "$(TARGET_NAME)";
				SWIFT_VERSION = 4.0;
				TARGETED_DEVICE_FAMILY = 1;
			};
			name = Debug;
		};
		671C870F1F09CE3F007F4C42 /* Release */ = {
			isa = XCBuildConfiguration;
			buildSettings = {
				ASSETCATALOG_COMPILER_APPICON_NAME = AppIcon;
				DEVELOPMENT_TEAM = NXN833X2XS;
				INFOPLIST_FILE = Detection/Info.plist;
				LD_RUNPATH_SEARCH_PATHS = "$(inherited) @executable_path/Frameworks";
				PRODUCT_BUNDLE_IDENTIFIER = com.AppsByLogan.Detection;
				PRODUCT_NAME = "$(TARGET_NAME)";
				SWIFT_VERSION = 4.0;
				TARGETED_DEVICE_FAMILY = 1;
			};
			name = Release;
		};
/* End XCBuildConfiguration section */

/* Begin XCConfigurationList section */
		671C86F61F09CE3F007F4C42 /* Build configuration list for PBXProject "Detection" */ = {
			isa = XCConfigurationList;
			buildConfigurations = (
				671C870B1F09CE3F007F4C42 /* Debug */,
				671C870C1F09CE3F007F4C42 /* Release */,
			);
			defaultConfigurationIsVisible = 0;
			defaultConfigurationName = Release;
		};
		671C870D1F09CE3F007F4C42 /* Build configuration list for PBXNativeTarget "Detection" */ = {
			isa = XCConfigurationList;
			buildConfigurations = (
				671C870E1F09CE3F007F4C42 /* Debug */,
				671C870F1F09CE3F007F4C42 /* Release */,
			);
			defaultConfigurationIsVisible = 0;
			defaultConfigurationName = Release;
		};
/* End XCConfigurationList section */
	};
	rootObject = 671C86F31F09CE3F007F4C42 /* Project object */;
}
